
Microsoft Visual Studio Solution File, Format Version 12.00
# Visual Studio 15
VisualStudioVersion = 15.0.27130.2010
MinimumVisualStudioVersion = 10.0.40219.1
Project("{FAE04EC0-301F-11D3-BF4B-00C04F79EFBC}") = "BoxApplication", "BoxApplication\BoxApplication.csproj", "{993EA2E0-B2B6-471B-B71F-7947911F8E15}"
EndProject
Global
	GlobalSection(SolutionConfigurationPlatforms) = preSolution
		Debug|Any CPU = Debug|Any CPU
		Release|Any CPU = Release|Any CPU
	EndGlobalSection
	GlobalSection(ProjectConfigurationPlatforms) = postSolution
		{993EA2E0-B2B6-471B-B71F-7947911F8E15}.Debug|Any CPU.ActiveCfg = Debug|Any CPU
		{993EA2E0-B2B6-471B-B71F-7947911F8E15}.Debug|Any CPU.Build.0 = Debug|Any CPU
		{993EA2E0-B2B6-471B-B71F-7947911F8E15}.Release|Any CPU.ActiveCfg = Release|Any CPU
		{993EA2E0-B2B6-471B-B71F-7947911F8E15}.Release|Any CPU.Build.0 = Release|Any CPU
	EndGlobalSection
	GlobalSection(SolutionProperties) = preSolution
		HideSolutionNode = FALSE
	EndGlobalSection
	GlobalSection(ExtensibilityGlobals) = postSolution
		SolutionGuid = {8E27E979-9184-4EC1-A8C1-F368DA0194A7}
	EndGlobalSection
EndGlobal
